
Microsoft Visual Studio Solution File, Format Version 12.00
# Visual Studio 15
VisualStudioVersion = 15.0.27130.2026
MinimumVisualStudioVersion = 10.0.40219.1
Project("{FAE04EC0-301F-11D3-BF4B-00C04F79EFBC}") = "Game1", "Game1\Game1.csproj", "{115CD1D3-BB86-4845-AC24-FC8D49FA81FB}"
EndProject
Global
	GlobalSection(SolutionConfigurationPlatforms) = preSolution
		Debug|x86 = Debug|x86
		Release|x86 = Release|x86
	EndGlobalSection
	GlobalSection(ProjectConfigurationPlatforms) = postSolution
		{115CD1D3-BB86-4845-AC24-FC8D49FA81FB}.Debug|x86.ActiveCfg = Debug|x86
		{115CD1D3-BB86-4845-AC24-FC8D49FA81FB}.Debug|x86.Build.0 = Debug|x86
		{115CD1D3-BB86-4845-AC24-FC8D49FA81FB}.Release|x86.ActiveCfg = Release|x86
		{115CD1D3-BB86-4845-AC24-FC8D49FA81FB}.Release|x86.Build.0 = Release|x86
	EndGlobalSection
	GlobalSection(SolutionProperties) = preSolution
		HideSolutionNode = FALSE
	EndGlobalSection
	GlobalSection(ExtensibilityGlobals) = postSolution
		SolutionGuid = {AE9D504D-2256-4EB5-BC3F-84C01462681E}
	EndGlobalSection
EndGlobal
